// !$*UTF8*$!
{
	archiveVersion = 1;
	classes = {
	};
	objectVersion = 56;
	objects = {

/* Begin PBXBuildFile section */
		1F4A7D72297C022600B7F92E /* ListPresenter.swift in Sources */ = {isa = PBXBuildFile; fileRef = 1F4A7D6E297C022600B7F92E /* ListPresenter.swift */; };
		1F4A7D73297C022600B7F92E /* ListWorker.swift in Sources */ = {isa = PBXBuildFile; fileRef = 1F4A7D6F297C022600B7F92E /* ListWorker.swift */; };
		1F4A7D74297C022600B7F92E /* ListViewController.swift in Sources */ = {isa = PBXBuildFile; fileRef = 1F4A7D70297C022600B7F92E /* ListViewController.swift */; };
		1F4A7D75297C022600B7F92E /* ListInteractor.swift in Sources */ = {isa = PBXBuildFile; fileRef = 1F4A7D71297C022600B7F92E /* ListInteractor.swift */; };
		1F7F460E297C99B7006EC219 /* DetailPresenter.swift in Sources */ = {isa = PBXBuildFile; fileRef = 1F7F460A297C99B7006EC219 /* DetailPresenter.swift */; };
		1F7F460F297C99B7006EC219 /* DetailWorker.swift in Sources */ = {isa = PBXBuildFile; fileRef = 1F7F460B297C99B7006EC219 /* DetailWorker.swift */; };
		1F7F4610297C99B7006EC219 /* DetailViewController.swift in Sources */ = {isa = PBXBuildFile; fileRef = 1F7F460C297C99B7006EC219 /* DetailViewController.swift */; };
		1F7F4611297C99B7006EC219 /* DetailInteractor.swift in Sources */ = {isa = PBXBuildFile; fileRef = 1F7F460D297C99B7006EC219 /* DetailInteractor.swift */; };
		1F7F4614297CA385006EC219 /* Nuke in Frameworks */ = {isa = PBXBuildFile; productRef = 1F7F4613297CA385006EC219 /* Nuke */; };
		1F7F4616297CA385006EC219 /* NukeExtensions in Frameworks */ = {isa = PBXBuildFile; productRef = 1F7F4615297CA385006EC219 /* NukeExtensions */; };
		1F7F4618297CA385006EC219 /* NukeUI in Frameworks */ = {isa = PBXBuildFile; productRef = 1F7F4617297CA385006EC219 /* NukeUI */; };
		1F90C9302979EB3F006F2637 /* AppDelegate.swift in Sources */ = {isa = PBXBuildFile; fileRef = 1F90C92F2979EB3F006F2637 /* AppDelegate.swift */; };
		1F90C9322979EB3F006F2637 /* SceneDelegate.swift in Sources */ = {isa = PBXBuildFile; fileRef = 1F90C9312979EB3F006F2637 /* SceneDelegate.swift */; };
		1F90C9392979EB40006F2637 /* Assets.xcassets in Resources */ = {isa = PBXBuildFile; fileRef = 1F90C9382979EB40006F2637 /* Assets.xcassets */; };
		1F90C93C2979EB40006F2637 /* LaunchScreen.storyboard in Resources */ = {isa = PBXBuildFile; fileRef = 1F90C93A2979EB40006F2637 /* LaunchScreen.storyboard */; };
		1F90C9452979EB59006F2637 /* Extensions in Resources */ = {isa = PBXBuildFile; fileRef = 1F90C9432979EB58006F2637 /* Extensions */; };
		1F90C9462979EB59006F2637 /* Networking in Resources */ = {isa = PBXBuildFile; fileRef = 1F90C9442979EB58006F2637 /* Networking */; };
		1F90C9532979F065006F2637 /* SearchPresenter.swift in Sources */ = {isa = PBXBuildFile; fileRef = 1F90C94F2979F065006F2637 /* SearchPresenter.swift */; };
		1F90C9542979F065006F2637 /* SearchWorker.swift in Sources */ = {isa = PBXBuildFile; fileRef = 1F90C9502979F065006F2637 /* SearchWorker.swift */; };
		1F90C9552979F065006F2637 /* SearchViewController.swift in Sources */ = {isa = PBXBuildFile; fileRef = 1F90C9512979F065006F2637 /* SearchViewController.swift */; };
		1F90C9562979F065006F2637 /* SearchInteractor.swift in Sources */ = {isa = PBXBuildFile; fileRef = 1F90C9522979F065006F2637 /* SearchInteractor.swift */; };
		1F90C9592979FDF2006F2637 /* Networking in Frameworks */ = {isa = PBXBuildFile; productRef = 1F90C9582979FDF2006F2637 /* Networking */; };
		1FA18FC3297D87DA000E0E5D /* SearchViewController+CollectionDelegates.swift in Sources */ = {isa = PBXBuildFile; fileRef = 1FA18FC2297D87DA000E0E5D /* SearchViewController+CollectionDelegates.swift */; };
		1FA18FC5297D8820000E0E5D /* SearchViewController+SearchDelegates.swift in Sources */ = {isa = PBXBuildFile; fileRef = 1FA18FC4297D8820000E0E5D /* SearchViewController+SearchDelegates.swift */; };
		1FAE815A297C6A3600423E86 /* ListCollectionViewCell.swift in Sources */ = {isa = PBXBuildFile; fileRef = 1FAE8159297C6A3600423E86 /* ListCollectionViewCell.swift */; };
/* End PBXBuildFile section */

/* Begin PBXFileReference section */
		1F4A7D6E297C022600B7F92E /* ListPresenter.swift */ = {isa = PBXFileReference; lastKnownFileType = sourcecode.swift; path = ListPresenter.swift; sourceTree = "<group>"; };
		1F4A7D6F297C022600B7F92E /* ListWorker.swift */ = {isa = PBXFileReference; lastKnownFileType = sourcecode.swift; path = ListWorker.swift; sourceTree = "<group>"; };
		1F4A7D70297C022600B7F92E /* ListViewController.swift */ = {isa = PBXFileReference; lastKnownFileType = sourcecode.swift; path = ListViewController.swift; sourceTree = "<group>"; };
		1F4A7D71297C022600B7F92E /* ListInteractor.swift */ = {isa = PBXFileReference; lastKnownFileType = sourcecode.swift; path = ListInteractor.swift; sourceTree = "<group>"; };
		1F7F460A297C99B7006EC219 /* DetailPresenter.swift */ = {isa = PBXFileReference; lastKnownFileType = sourcecode.swift; path = DetailPresenter.swift; sourceTree = "<group>"; };
		1F7F460B297C99B7006EC219 /* DetailWorker.swift */ = {isa = PBXFileReference; lastKnownFileType = sourcecode.swift; path = DetailWorker.swift; sourceTree = "<group>"; };
		1F7F460C297C99B7006EC219 /* DetailViewController.swift */ = {isa = PBXFileReference; lastKnownFileType = sourcecode.swift; path = DetailViewController.swift; sourceTree = "<group>"; };
		1F7F460D297C99B7006EC219 /* DetailInteractor.swift */ = {isa = PBXFileReference; lastKnownFileType = sourcecode.swift; path = DetailInteractor.swift; sourceTree = "<group>"; };
		1F90C92C2979EB3F006F2637 /* R'nM.app */ = {isa = PBXFileReference; explicitFileType = wrapper.application; includeInIndex = 0; path = "R'nM.app"; sourceTree = BUILT_PRODUCTS_DIR; };
		1F90C92F2979EB3F006F2637 /* AppDelegate.swift */ = {isa = PBXFileReference; lastKnownFileType = sourcecode.swift; path = AppDelegate.swift; sourceTree = "<group>"; };
		1F90C9312979EB3F006F2637 /* SceneDelegate.swift */ = {isa = PBXFileReference; lastKnownFileType = sourcecode.swift; path = SceneDelegate.swift; sourceTree = "<group>"; };
		1F90C9382979EB40006F2637 /* Assets.xcassets */ = {isa = PBXFileReference; lastKnownFileType = folder.assetcatalog; path = Assets.xcassets; sourceTree = "<group>"; };
		1F90C93B2979EB40006F2637 /* Base */ = {isa = PBXFileReference; lastKnownFileType = file.storyboard; name = Base; path = Base.lproj/LaunchScreen.storyboard; sourceTree = "<group>"; };
		1F90C93D2979EB40006F2637 /* Info.plist */ = {isa = PBXFileReference; lastKnownFileType = text.plist.xml; path = Info.plist; sourceTree = "<group>"; };
		1F90C9432979EB58006F2637 /* Extensions */ = {isa = PBXFileReference; lastKnownFileType = wrapper; path = Extensions; sourceTree = "<group>"; };
		1F90C9442979EB58006F2637 /* Networking */ = {isa = PBXFileReference; lastKnownFileType = wrapper; path = Networking; sourceTree = "<group>"; };
		1F90C94F2979F065006F2637 /* SearchPresenter.swift */ = {isa = PBXFileReference; lastKnownFileType = sourcecode.swift; path = SearchPresenter.swift; sourceTree = "<group>"; };
		1F90C9502979F065006F2637 /* SearchWorker.swift */ = {isa = PBXFileReference; lastKnownFileType = sourcecode.swift; path = SearchWorker.swift; sourceTree = "<group>"; };
		1F90C9512979F065006F2637 /* SearchViewController.swift */ = {isa = PBXFileReference; lastKnownFileType = sourcecode.swift; path = SearchViewController.swift; sourceTree = "<group>"; };
		1F90C9522979F065006F2637 /* SearchInteractor.swift */ = {isa = PBXFileReference; lastKnownFileType = sourcecode.swift; path = SearchInteractor.swift; sourceTree = "<group>"; };
		1FA18FC2297D87DA000E0E5D /* SearchViewController+CollectionDelegates.swift */ = {isa = PBXFileReference; lastKnownFileType = sourcecode.swift; path = "SearchViewController+CollectionDelegates.swift"; sourceTree = "<group>"; };
		1FA18FC4297D8820000E0E5D /* SearchViewController+SearchDelegates.swift */ = {isa = PBXFileReference; lastKnownFileType = sourcecode.swift; path = "SearchViewController+SearchDelegates.swift"; sourceTree = "<group>"; };
		1FAE8159297C6A3600423E86 /* ListCollectionViewCell.swift */ = {isa = PBXFileReference; lastKnownFileType = sourcecode.swift; path = ListCollectionViewCell.swift; sourceTree = "<group>"; };
/* End PBXFileReference section */

/* Begin PBXFrameworksBuildPhase section */
		1F90C9292979EB3F006F2637 /* Frameworks */ = {
			isa = PBXFrameworksBuildPhase;
			buildActionMask = 2147483647;
			files = (
				1F90C9592979FDF2006F2637 /* Networking in Frameworks */,
				1F7F4614297CA385006EC219 /* Nuke in Frameworks */,
				1F7F4616297CA385006EC219 /* NukeExtensions in Frameworks */,
				1F7F4618297CA385006EC219 /* NukeUI in Frameworks */,
			);
			runOnlyForDeploymentPostprocessing = 0;
		};
/* End PBXFrameworksBuildPhase section */

/* Begin PBXGroup section */
		1F4A7D6D297C021600B7F92E /* List */ = {
			isa = PBXGroup;
			children = (
				1F4A7D6E297C022600B7F92E /* ListPresenter.swift */,
				1F4A7D6F297C022600B7F92E /* ListWorker.swift */,
				1F4A7D70297C022600B7F92E /* ListViewController.swift */,
				1F4A7D71297C022600B7F92E /* ListInteractor.swift */,
			);
			path = List;
			sourceTree = "<group>";
		};
		1F7F4609297C99AA006EC219 /* Detail */ = {
			isa = PBXGroup;
			children = (
				1F7F460A297C99B7006EC219 /* DetailPresenter.swift */,
				1F7F460B297C99B7006EC219 /* DetailWorker.swift */,
				1F7F460C297C99B7006EC219 /* DetailViewController.swift */,
				1F7F460D297C99B7006EC219 /* DetailInteractor.swift */,
			);
			path = Detail;
			sourceTree = "<group>";
		};
		1F90C9232979EB3F006F2637 = {
			isa = PBXGroup;
			children = (
				1F90C9432979EB58006F2637 /* Extensions */,
				1F90C9442979EB58006F2637 /* Networking */,
				1F90C92E2979EB3F006F2637 /* R'nM */,
				1F90C92D2979EB3F006F2637 /* Products */,
				1F90C9572979FDF2006F2637 /* Frameworks */,
			);
			sourceTree = "<group>";
		};
		1F90C92D2979EB3F006F2637 /* Products */ = {
			isa = PBXGroup;
			children = (
				1F90C92C2979EB3F006F2637 /* R'nM.app */,
			);
			name = Products;
			sourceTree = "<group>";
		};
		1F90C92E2979EB3F006F2637 /* R'nM */ = {
			isa = PBXGroup;
			children = (
				1FAE8158297C6A2700423E86 /* Cells */,
				1F90C95A2979FDFD006F2637 /* Screens */,
				1F90C92F2979EB3F006F2637 /* AppDelegate.swift */,
				1F90C9312979EB3F006F2637 /* SceneDelegate.swift */,
				1F90C9382979EB40006F2637 /* Assets.xcassets */,
				1F90C93A2979EB40006F2637 /* LaunchScreen.storyboard */,
				1F90C93D2979EB40006F2637 /* Info.plist */,
			);
			path = "R'nM";
			sourceTree = "<group>";
		};
		1F90C9572979FDF2006F2637 /* Frameworks */ = {
			isa = PBXGroup;
			children = (
			);
			name = Frameworks;
			sourceTree = "<group>";
		};
		1F90C95A2979FDFD006F2637 /* Screens */ = {
			isa = PBXGroup;
			children = (
				1F7F4609297C99AA006EC219 /* Detail */,
				1F4A7D6D297C021600B7F92E /* List */,
				1F90C95B2979FE03006F2637 /* Search */,
			);
			path = Screens;
			sourceTree = "<group>";
		};
		1F90C95B2979FE03006F2637 /* Search */ = {
			isa = PBXGroup;
			children = (
				1F90C94F2979F065006F2637 /* SearchPresenter.swift */,
				1F90C9502979F065006F2637 /* SearchWorker.swift */,
				1F90C9512979F065006F2637 /* SearchViewController.swift */,
				1FA18FC4297D8820000E0E5D /* SearchViewController+SearchDelegates.swift */,
				1FA18FC2297D87DA000E0E5D /* SearchViewController+CollectionDelegates.swift */,
				1F90C9522979F065006F2637 /* SearchInteractor.swift */,
			);
			path = Search;
			sourceTree = "<group>";
		};
		1FAE8158297C6A2700423E86 /* Cells */ = {
			isa = PBXGroup;
			children = (
				1FAE8159297C6A3600423E86 /* ListCollectionViewCell.swift */,
			);
			path = Cells;
			sourceTree = "<group>";
		};
/* End PBXGroup section */

/* Begin PBXNativeTarget section */
		1F90C92B2979EB3F006F2637 /* R'nM */ = {
			isa = PBXNativeTarget;
			buildConfigurationList = 1F90C9402979EB40006F2637 /* Build configuration list for PBXNativeTarget "R'nM" */;
			buildPhases = (
				1F90C9282979EB3F006F2637 /* Sources */,
				1F90C9292979EB3F006F2637 /* Frameworks */,
				1F90C92A2979EB3F006F2637 /* Resources */,
			);
			buildRules = (
			);
			dependencies = (
			);
			name = "R'nM";
			packageProductDependencies = (
				1F90C9582979FDF2006F2637 /* Networking */,
				1F7F4613297CA385006EC219 /* Nuke */,
				1F7F4615297CA385006EC219 /* NukeExtensions */,
				1F7F4617297CA385006EC219 /* NukeUI */,
			);
			productName = "R'nM";
			productReference = 1F90C92C2979EB3F006F2637 /* R'nM.app */;
			productType = "com.apple.product-type.application";
		};
/* End PBXNativeTarget section */

/* Begin PBXProject section */
		1F90C9242979EB3F006F2637 /* Project object */ = {
			isa = PBXProject;
			attributes = {
				BuildIndependentTargetsInParallel = 1;
				LastSwiftUpdateCheck = 1420;
				LastUpgradeCheck = 1420;
				TargetAttributes = {
					1F90C92B2979EB3F006F2637 = {
						CreatedOnToolsVersion = 14.2;
					};
				};
			};
			buildConfigurationList = 1F90C9272979EB3F006F2637 /* Build configuration list for PBXProject "R'nM" */;
			compatibilityVersion = "Xcode 14.0";
			developmentRegion = en;
			hasScannedForEncodings = 0;
			knownRegions = (
				en,
				Base,
			);
			mainGroup = 1F90C9232979EB3F006F2637;
			packageReferences = (
				1F7F4612297CA385006EC219 /* XCRemoteSwiftPackageReference "Nuke" */,
			);
			productRefGroup = 1F90C92D2979EB3F006F2637 /* Products */;
			projectDirPath = "";
			projectRoot = "";
			targets = (
				1F90C92B2979EB3F006F2637 /* R'nM */,
			);
		};
/* End PBXProject section */

/* Begin PBXResourcesBuildPhase section */
		1F90C92A2979EB3F006F2637 /* Resources */ = {
			isa = PBXResourcesBuildPhase;
			buildActionMask = 2147483647;
			files = (
				1F90C93C2979EB40006F2637 /* LaunchScreen.storyboard in Resources */,
				1F90C9392979EB40006F2637 /* Assets.xcassets in Resources */,
				1F90C9452979EB59006F2637 /* Extensions in Resources */,
				1F90C9462979EB59006F2637 /* Networking in Resources */,
			);
			runOnlyForDeploymentPostprocessing = 0;
		};
/* End PBXResourcesBuildPhase section */

/* Begin PBXSourcesBuildPhase section */
		1F90C9282979EB3F006F2637 /* Sources */ = {
			isa = PBXSourcesBuildPhase;
			buildActionMask = 2147483647;
			files = (
				1F90C9552979F065006F2637 /* SearchViewController.swift in Sources */,
				1F90C9302979EB3F006F2637 /* AppDelegate.swift in Sources */,
				1FAE815A297C6A3600423E86 /* ListCollectionViewCell.swift in Sources */,
				1F7F4611297C99B7006EC219 /* DetailInteractor.swift in Sources */,
				1F90C9542979F065006F2637 /* SearchWorker.swift in Sources */,
				1F90C9532979F065006F2637 /* SearchPresenter.swift in Sources */,
				1F7F4610297C99B7006EC219 /* DetailViewController.swift in Sources */,
				1FA18FC3297D87DA000E0E5D /* SearchViewController+CollectionDelegates.swift in Sources */,
				1F4A7D72297C022600B7F92E /* ListPresenter.swift in Sources */,
				1F4A7D73297C022600B7F92E /* ListWorker.swift in Sources */,
				1F7F460E297C99B7006EC219 /* DetailPresenter.swift in Sources */,
				1F4A7D75297C022600B7F92E /* ListInteractor.swift in Sources */,
				1FA18FC5297D8820000E0E5D /* SearchViewController+SearchDelegates.swift in Sources */,
				1F90C9322979EB3F006F2637 /* SceneDelegate.swift in Sources */,
				1F4A7D74297C022600B7F92E /* ListViewController.swift in Sources */,
				1F90C9562979F065006F2637 /* SearchInteractor.swift in Sources */,
				1F7F460F297C99B7006EC219 /* DetailWorker.swift in Sources */,
			);
			runOnlyForDeploymentPostprocessing = 0;
		};
/* End PBXSourcesBuildPhase section */

/* Begin PBXVariantGroup section */
		1F90C93A2979EB40006F2637 /* LaunchScreen.storyboard */ = {
			isa = PBXVariantGroup;
			children = (
				1F90C93B2979EB40006F2637 /* Base */,
			);
			name = LaunchScreen.storyboard;
			sourceTree = "<group>";
		};
/* End PBXVariantGroup section */

/* Begin XCBuildConfiguration section */
		1F90C93E2979EB40006F2637 /* Debug */ = {
			isa = XCBuildConfiguration;
			buildSettings = {
				ALWAYS_SEARCH_USER_PATHS = NO;
				CLANG_ANALYZER_NONNULL = YES;
				CLANG_ANALYZER_NUMBER_OBJECT_CONVERSION = YES_AGGRESSIVE;
				CLANG_CXX_LANGUAGE_STANDARD = "gnu++20";
				CLANG_ENABLE_MODULES = YES;
				CLANG_ENABLE_OBJC_ARC = YES;
				CLANG_ENABLE_OBJC_WEAK = YES;
				CLANG_WARN_BLOCK_CAPTURE_AUTORELEASING = YES;
				CLANG_WARN_BOOL_CONVERSION = YES;
				CLANG_WARN_COMMA = YES;
				CLANG_WARN_CONSTANT_CONVERSION = YES;
				CLANG_WARN_DEPRECATED_OBJC_IMPLEMENTATIONS = YES;
				CLANG_WARN_DIRECT_OBJC_ISA_USAGE = YES_ERROR;
				CLANG_WARN_DOCUMENTATION_COMMENTS = YES;
				CLANG_WARN_EMPTY_BODY = YES;
				CLANG_WARN_ENUM_CONVERSION = YES;
				CLANG_WARN_INFINITE_RECURSION = YES;
				CLANG_WARN_INT_CONVERSION = YES;
				CLANG_WARN_NON_LITERAL_NULL_CONVERSION = YES;
				CLANG_WARN_OBJC_IMPLICIT_RETAIN_SELF = YES;
				CLANG_WARN_OBJC_LITERAL_CONVERSION = YES;
				CLANG_WARN_OBJC_ROOT_CLASS = YES_ERROR;
				CLANG_WARN_QUOTED_INCLUDE_IN_FRAMEWORK_HEADER = YES;
				CLANG_WARN_RANGE_LOOP_ANALYSIS = YES;
				CLANG_WARN_STRICT_PROTOTYPES = YES;
				CLANG_WARN_SUSPICIOUS_MOVE = YES;
				CLANG_WARN_UNGUARDED_AVAILABILITY = YES_AGGRESSIVE;
				CLANG_WARN_UNREACHABLE_CODE = YES;
				CLANG_WARN__DUPLICATE_METHOD_MATCH = YES;
				COPY_PHASE_STRIP = NO;
				DEBUG_INFORMATION_FORMAT = dwarf;
				ENABLE_STRICT_OBJC_MSGSEND = YES;
				ENABLE_TESTABILITY = YES;
				GCC_C_LANGUAGE_STANDARD = gnu11;
				GCC_DYNAMIC_NO_PIC = NO;
				GCC_NO_COMMON_BLOCKS = YES;
				GCC_OPTIMIZATION_LEVEL = 0;
				GCC_PREPROCESSOR_DEFINITIONS = (
					"DEBUG=1",
					"$(inherited)",
				);
				GCC_WARN_64_TO_32_BIT_CONVERSION = YES;
				GCC_WARN_ABOUT_RETURN_TYPE = YES_ERROR;
				GCC_WARN_UNDECLARED_SELECTOR = YES;
				GCC_WARN_UNINITIALIZED_AUTOS = YES_AGGRESSIVE;
				GCC_WARN_UNUSED_FUNCTION = YES;
				GCC_WARN_UNUSED_VARIABLE = YES;
				IPHONEOS_DEPLOYMENT_TARGET = 16.0;
				MTL_ENABLE_DEBUG_INFO = INCLUDE_SOURCE;
				MTL_FAST_MATH = YES;
				ONLY_ACTIVE_ARCH = YES;
				SDKROOT = iphoneos;
				SWIFT_ACTIVE_COMPILATION_CONDITIONS = DEBUG;
				SWIFT_OPTIMIZATION_LEVEL = "-Onone";
			};
			name = Debug;
		};
		1F90C93F2979EB40006F2637 /* Release */ = {
			isa = XCBuildConfiguration;
			buildSettings = {
				ALWAYS_SEARCH_USER_PATHS = NO;
				CLANG_ANALYZER_NONNULL = YES;
				CLANG_ANALYZER_NUMBER_OBJECT_CONVERSION = YES_AGGRESSIVE;
				CLANG_CXX_LANGUAGE_STANDARD = "gnu++20";
				CLANG_ENABLE_MODULES = YES;
				CLANG_ENABLE_OBJC_ARC = YES;
				CLANG_ENABLE_OBJC_WEAK = YES;
				CLANG_WARN_BLOCK_CAPTURE_AUTORELEASING = YES;
				CLANG_WARN_BOOL_CONVERSION = YES;
				CLANG_WARN_COMMA = YES;
				CLANG_WARN_CONSTANT_CONVERSION = YES;
				CLANG_WARN_DEPRECATED_OBJC_IMPLEMENTATIONS = YES;
				CLANG_WARN_DIRECT_OBJC_ISA_USAGE = YES_ERROR;
				CLANG_WARN_DOCUMENTATION_COMMENTS = YES;
				CLANG_WARN_EMPTY_BODY = YES;
				CLANG_WARN_ENUM_CONVERSION = YES;
				CLANG_WARN_INFINITE_RECURSION = YES;
				CLANG_WARN_INT_CONVERSION = YES;
				CLANG_WARN_NON_LITERAL_NULL_CONVERSION = YES;
				CLANG_WARN_OBJC_IMPLICIT_RETAIN_SELF = YES;
				CLANG_WARN_OBJC_LITERAL_CONVERSION = YES;
				CLANG_WARN_OBJC_ROOT_CLASS = YES_ERROR;
				CLANG_WARN_QUOTED_INCLUDE_IN_FRAMEWORK_HEADER = YES;
				CLANG_WARN_RANGE_LOOP_ANALYSIS = YES;
				CLANG_WARN_STRICT_PROTOTYPES = YES;
				CLANG_WARN_SUSPICIOUS_MOVE = YES;
				CLANG_WARN_UNGUARDED_AVAILABILITY = YES_AGGRESSIVE;
				CLANG_WARN_UNREACHABLE_CODE = YES;
				CLANG_WARN__DUPLICATE_METHOD_MATCH = YES;
				COPY_PHASE_STRIP = NO;
				DEBUG_INFORMATION_FORMAT = "dwarf-with-dsym";
				ENABLE_NS_ASSERTIONS = NO;
				ENABLE_STRICT_OBJC_MSGSEND = YES;
				GCC_C_LANGUAGE_STANDARD = gnu11;
				GCC_NO_COMMON_BLOCKS = YES;
				GCC_WARN_64_TO_32_BIT_CONVERSION = YES;
				GCC_WARN_ABOUT_RETURN_TYPE = YES_ERROR;
				GCC_WARN_UNDECLARED_SELECTOR = YES;
				GCC_WARN_UNINITIALIZED_AUTOS = YES_AGGRESSIVE;
				GCC_WARN_UNUSED_FUNCTION = YES;
				GCC_WARN_UNUSED_VARIABLE = YES;
				IPHONEOS_DEPLOYMENT_TARGET = 16.0;
				MTL_ENABLE_DEBUG_INFO = NO;
				MTL_FAST_MATH = YES;
				SDKROOT = iphoneos;
				SWIFT_COMPILATION_MODE = wholemodule;
				SWIFT_OPTIMIZATION_LEVEL = "-O";
				VALIDATE_PRODUCT = YES;
			};
			name = Release;
		};
		1F90C9412979EB40006F2637 /* Debug */ = {
			isa = XCBuildConfiguration;
			buildSettings = {
				ASSETCATALOG_COMPILER_APPICON_NAME = AppIcon;
				ASSETCATALOG_COMPILER_GLOBAL_ACCENT_COLOR_NAME = AccentColor;
				CODE_SIGN_IDENTITY = "Apple Development";
				CODE_SIGN_STYLE = Automatic;
				CURRENT_PROJECT_VERSION = 1;
				DEVELOPMENT_TEAM = "";
				GENERATE_INFOPLIST_FILE = YES;
				INFOPLIST_FILE = "R'nM/Info.plist";
				INFOPLIST_KEY_UIApplicationSupportsIndirectInputEvents = YES;
				INFOPLIST_KEY_UILaunchStoryboardName = LaunchScreen;
				INFOPLIST_KEY_UISupportedInterfaceOrientations_iPad = "UIInterfaceOrientationPortrait UIInterfaceOrientationPortraitUpsideDown UIInterfaceOrientationLandscapeLeft UIInterfaceOrientationLandscapeRight";
				INFOPLIST_KEY_UISupportedInterfaceOrientations_iPhone = "UIInterfaceOrientationPortrait UIInterfaceOrientationLandscapeLeft UIInterfaceOrientationLandscapeRight";
				IPHONEOS_DEPLOYMENT_TARGET = 16.0;
				LD_RUNPATH_SEARCH_PATHS = (
					"$(inherited)",
					"@executable_path/Frameworks",
				);
				MARKETING_VERSION = 1.0;
				PRODUCT_BUNDLE_IDENTIFIER = "es.TRC.R-nM";
				PRODUCT_NAME = "$(TARGET_NAME)";
				PROVISIONING_PROFILE_SPECIFIER = "";
				SWIFT_EMIT_LOC_STRINGS = YES;
				SWIFT_VERSION = 5.0;
				TARGETED_DEVICE_FAMILY = "1,2";
			};
			name = Debug;
		};
		1F90C9422979EB40006F2637 /* Release */ = {
			isa = XCBuildConfiguration;
			buildSettings = {
				ASSETCATALOG_COMPILER_APPICON_NAME = AppIcon;
				ASSETCATALOG_COMPILER_GLOBAL_ACCENT_COLOR_NAME = AccentColor;
				CODE_SIGN_IDENTITY = "Apple Development";
				CODE_SIGN_STYLE = Automatic;
				CURRENT_PROJECT_VERSION = 1;
				DEVELOPMENT_TEAM = "";
				GENERATE_INFOPLIST_FILE = YES;
				INFOPLIST_FILE = "R'nM/Info.plist";
				INFOPLIST_KEY_UIApplicationSupportsIndirectInputEvents = YES;
				INFOPLIST_KEY_UILaunchStoryboardName = LaunchScreen;
				INFOPLIST_KEY_UISupportedInterfaceOrientations_iPad = "UIInterfaceOrientationPortrait UIInterfaceOrientationPortraitUpsideDown UIInterfaceOrientationLandscapeLeft UIInterfaceOrientationLandscapeRight";
				INFOPLIST_KEY_UISupportedInterfaceOrientations_iPhone = "UIInterfaceOrientationPortrait UIInterfaceOrientationLandscapeLeft UIInterfaceOrientationLandscapeRight";
				IPHONEOS_DEPLOYMENT_TARGET = 16.0;
				LD_RUNPATH_SEARCH_PATHS = (
					"$(inherited)",
					"@executable_path/Frameworks",
				);
				MARKETING_VERSION = 1.0;
				PRODUCT_BUNDLE_IDENTIFIER = "es.TRC.R-nM";
				PRODUCT_NAME = "$(TARGET_NAME)";
				PROVISIONING_PROFILE_SPECIFIER = "";
				SWIFT_EMIT_LOC_STRINGS = YES;
				SWIFT_VERSION = 5.0;
				TARGETED_DEVICE_FAMILY = "1,2";
			};
			name = Release;
		};
/* End XCBuildConfiguration section */

/* Begin XCConfigurationList section */
		1F90C9272979EB3F006F2637 /* Build configuration list for PBXProject "R'nM" */ = {
			isa = XCConfigurationList;
			buildConfigurations = (
				1F90C93E2979EB40006F2637 /* Debug */,
				1F90C93F2979EB40006F2637 /* Release */,
			);
			defaultConfigurationIsVisible = 0;
			defaultConfigurationName = Release;
		};
		1F90C9402979EB40006F2637 /* Build configuration list for PBXNativeTarget "R'nM" */ = {
			isa = XCConfigurationList;
			buildConfigurations = (
				1F90C9412979EB40006F2637 /* Debug */,
				1F90C9422979EB40006F2637 /* Release */,
			);
			defaultConfigurationIsVisible = 0;
			defaultConfigurationName = Release;
		};
/* End XCConfigurationList section */

/* Begin XCRemoteSwiftPackageReference section */
		1F7F4612297CA385006EC219 /* XCRemoteSwiftPackageReference "Nuke" */ = {
			isa = XCRemoteSwiftPackageReference;
			repositoryURL = "https://github.com/kean/Nuke";
			requirement = {
				branch = master;
				kind = branch;
			};
		};
/* End XCRemoteSwiftPackageReference section */

/* Begin XCSwiftPackageProductDependency section */
		1F7F4613297CA385006EC219 /* Nuke */ = {
			isa = XCSwiftPackageProductDependency;
			package = 1F7F4612297CA385006EC219 /* XCRemoteSwiftPackageReference "Nuke" */;
			productName = Nuke;
		};
		1F7F4615297CA385006EC219 /* NukeExtensions */ = {
			isa = XCSwiftPackageProductDependency;
			package = 1F7F4612297CA385006EC219 /* XCRemoteSwiftPackageReference "Nuke" */;
			productName = NukeExtensions;
		};
		1F7F4617297CA385006EC219 /* NukeUI */ = {
			isa = XCSwiftPackageProductDependency;
			package = 1F7F4612297CA385006EC219 /* XCRemoteSwiftPackageReference "Nuke" */;
			productName = NukeUI;
		};
		1F90C9582979FDF2006F2637 /* Networking */ = {
			isa = XCSwiftPackageProductDependency;
			productName = Networking;
		};
/* End XCSwiftPackageProductDependency section */
	};
	rootObject = 1F90C9242979EB3F006F2637 /* Project object */;
}
